
Microsoft Visual Studio Solution File, Format Version 12.00
# Visual Studio Version 17
VisualStudioVersion = 17.13.35931.197 d17.13
MinimumVisualStudioVersion = 10.0.40219.1
Project("{FAE04EC0-301F-11D3-BF4B-00C04F79EFBC}") = "FabricaPastas.Server", "FabricaPastas.Server\FabricaPastas.Server.csproj", "{CDDA1CE5-9844-428A-837B-6E2BF6FEDADC}"
EndProject
Project("{FAE04EC0-301F-11D3-BF4B-00C04F79EFBC}") = "FabricaPastas.BD", "FabricaPastas.BD\FabricaPastas.BD.csproj", "{F85213C7-8601-4876-B9D8-0572E6A431F6}"
EndProject
Global
	GlobalSection(SolutionConfigurationPlatforms) = preSolution
		Debug|Any CPU = Debug|Any CPU
		Release|Any CPU = Release|Any CPU
	EndGlobalSection
	GlobalSection(ProjectConfigurationPlatforms) = postSolution
		{CDDA1CE5-9844-428A-837B-6E2BF6FEDADC}.Debug|Any CPU.ActiveCfg = Debug|Any CPU
		{CDDA1CE5-9844-428A-837B-6E2BF6FEDADC}.Debug|Any CPU.Build.0 = Debug|Any CPU
		{CDDA1CE5-9844-428A-837B-6E2BF6FEDADC}.Release|Any CPU.ActiveCfg = Release|Any CPU
		{CDDA1CE5-9844-428A-837B-6E2BF6FEDADC}.Release|Any CPU.Build.0 = Release|Any CPU
		{F85213C7-8601-4876-B9D8-0572E6A431F6}.Debug|Any CPU.ActiveCfg = Debug|Any CPU
		{F85213C7-8601-4876-B9D8-0572E6A431F6}.Debug|Any CPU.Build.0 = Debug|Any CPU
		{F85213C7-8601-4876-B9D8-0572E6A431F6}.Release|Any CPU.ActiveCfg = Release|Any CPU
		{F85213C7-8601-4876-B9D8-0572E6A431F6}.Release|Any CPU.Build.0 = Release|Any CPU
	EndGlobalSection
	GlobalSection(SolutionProperties) = preSolution
		HideSolutionNode = FALSE
	EndGlobalSection
	GlobalSection(ExtensibilityGlobals) = postSolution
		SolutionGuid = {77DBCD1C-8770-4135-B84B-9FADC6CDC3C9}
	EndGlobalSection
EndGlobal
